// !$*UTF8*$!
{
	archiveVersion = 1;
	classes = {
	};
	objectVersion = 56;
	objects = {

/* Begin PBXBuildFile section */
		AA000001 /* LeiLeMeApp.swift in Sources */ = {isa = PBXBuildFile; fileRef = AA100001 /* LeiLeMeApp.swift */; };
		AA000002 /* ContentView.swift in Sources */ = {isa = PBXBuildFile; fileRef = AA100002 /* ContentView.swift */; };
		AA000005 /* SettingsTab.swift in Sources */ = {isa = PBXBuildFile; fileRef = AA100005 /* SettingsTab.swift */; };
		AA000006 /* Assets.xcassets in Resources */ = {isa = PBXBuildFile; fileRef = AA100006 /* Assets.xcassets */; };
		AA000010 /* DailyAssessment.swift in Sources */ = {isa = PBXBuildFile; fileRef = AA100010 /* DailyAssessment.swift */; };
		AA000011 /* HealthKitReading.swift in Sources */ = {isa = PBXBuildFile; fileRef = AA100011 /* HealthKitReading.swift */; };
		AA000012 /* TapTestResult.swift in Sources */ = {isa = PBXBuildFile; fileRef = AA100012 /* TapTestResult.swift */; };
		AA000013 /* ReactionTimeResult.swift in Sources */ = {isa = PBXBuildFile; fileRef = AA100013 /* ReactionTimeResult.swift */; };
		AA000014 /* SubjectiveAssessment.swift in Sources */ = {isa = PBXBuildFile; fileRef = AA100014 /* SubjectiveAssessment.swift */; };
		AA000015 /* BaselineEngine.swift in Sources */ = {isa = PBXBuildFile; fileRef = AA100015 /* BaselineEngine.swift */; };
		AA000016 /* HealthKitService.swift in Sources */ = {isa = PBXBuildFile; fileRef = AA100016 /* HealthKitService.swift */; };
		AA000017 /* TapTestEngine.swift in Sources */ = {isa = PBXBuildFile; fileRef = AA100017 /* TapTestEngine.swift */; };
		AA000018 /* TapTestView.swift in Sources */ = {isa = PBXBuildFile; fileRef = AA100018 /* TapTestView.swift */; };
		AA000019 /* ReactionTimeEngine.swift in Sources */ = {isa = PBXBuildFile; fileRef = AA100019 /* ReactionTimeEngine.swift */; };
		AA000020 /* ReactionTimeView.swift in Sources */ = {isa = PBXBuildFile; fileRef = AA100020 /* ReactionTimeView.swift */; };
		AA000027 /* AppTheme.swift in Sources */ = {isa = PBXBuildFile; fileRef = AA100027 /* AppTheme.swift */; };
		AA000028 /* LaunchScreen.storyboard in Resources */ = {isa = PBXBuildFile; fileRef = AA100028 /* LaunchScreen.storyboard */; };
		AA000030 /* RecoveryScoreEngine.swift in Sources */ = {isa = PBXBuildFile; fileRef = AA100030 /* RecoveryScoreEngine.swift */; };
		AA000031 /* RecoveryRecommendationCard.swift in Sources */ = {isa = PBXBuildFile; fileRef = AA100031 /* RecoveryRecommendationCard.swift */; };
		AA000040 /* Measure.swift in Sources */ = {isa = PBXBuildFile; fileRef = AA100040 /* Measure.swift */; };
		AA000041 /* MeasureCard.swift in Sources */ = {isa = PBXBuildFile; fileRef = AA100041 /* MeasureCard.swift */; };
		AA000042 /* HomePage.swift in Sources */ = {isa = PBXBuildFile; fileRef = AA100042 /* HomePage.swift */; };
		AA000050 /* AssessmentStore.swift in Sources */ = {isa = PBXBuildFile; fileRef = AA100050 /* AssessmentStore.swift */; };
		AA000060 /* MeasureDetailView.swift in Sources */ = {isa = PBXBuildFile; fileRef = AA100060 /* MeasureDetailView.swift */; };
		AA000061 /* SingleMeasureTrendChart.swift in Sources */ = {isa = PBXBuildFile; fileRef = AA100061 /* SingleMeasureTrendChart.swift */; };
		AA000070 /* NotificationManager.swift in Sources */ = {isa = PBXBuildFile; fileRef = AA100070 /* NotificationManager.swift */; };
/* End PBXBuildFile section */

/* Begin PBXFileReference section */
		AA100001 /* LeiLeMeApp.swift */ = {isa = PBXFileReference; lastKnownFileType = sourcecode.swift; path = LeiLeMeApp.swift; sourceTree = "<group>"; };
		AA100002 /* ContentView.swift */ = {isa = PBXFileReference; lastKnownFileType = sourcecode.swift; path = ContentView.swift; sourceTree = "<group>"; };
		AA100005 /* SettingsTab.swift */ = {isa = PBXFileReference; lastKnownFileType = sourcecode.swift; path = SettingsTab.swift; sourceTree = "<group>"; };
		AA100006 /* Assets.xcassets */ = {isa = PBXFileReference; lastKnownFileType = folder.assetcatalog; path = Assets.xcassets; sourceTree = "<group>"; };
		AA100007 /* LeiLeMe.entitlements */ = {isa = PBXFileReference; lastKnownFileType = text.plist.entitlements; path = LeiLeMe.entitlements; sourceTree = "<group>"; };
		AA100008 /* Info.plist */ = {isa = PBXFileReference; lastKnownFileType = text.plist.xml; path = Info.plist; sourceTree = "<group>"; };
		AA100009 /* LeiLeMe.app */ = {isa = PBXFileReference; explicitFileType = wrapper.application; includeInIndex = 0; path = LeiLeMe.app; sourceTree = BUILT_PRODUCTS_DIR; };
		AA100010 /* DailyAssessment.swift */ = {isa = PBXFileReference; lastKnownFileType = sourcecode.swift; path = DailyAssessment.swift; sourceTree = "<group>"; };
		AA100011 /* HealthKitReading.swift */ = {isa = PBXFileReference; lastKnownFileType = sourcecode.swift; path = HealthKitReading.swift; sourceTree = "<group>"; };
		AA100012 /* TapTestResult.swift */ = {isa = PBXFileReference; lastKnownFileType = sourcecode.swift; path = TapTestResult.swift; sourceTree = "<group>"; };
		AA100013 /* ReactionTimeResult.swift */ = {isa = PBXFileReference; lastKnownFileType = sourcecode.swift; path = ReactionTimeResult.swift; sourceTree = "<group>"; };
		AA100014 /* SubjectiveAssessment.swift */ = {isa = PBXFileReference; lastKnownFileType = sourcecode.swift; path = SubjectiveAssessment.swift; sourceTree = "<group>"; };
		AA100015 /* BaselineEngine.swift */ = {isa = PBXFileReference; lastKnownFileType = sourcecode.swift; path = BaselineEngine.swift; sourceTree = "<group>"; };
		AA100016 /* HealthKitService.swift */ = {isa = PBXFileReference; lastKnownFileType = sourcecode.swift; path = HealthKitService.swift; sourceTree = "<group>"; };
		AA100017 /* TapTestEngine.swift */ = {isa = PBXFileReference; lastKnownFileType = sourcecode.swift; path = TapTestEngine.swift; sourceTree = "<group>"; };
		AA100018 /* TapTestView.swift */ = {isa = PBXFileReference; lastKnownFileType = sourcecode.swift; path = TapTestView.swift; sourceTree = "<group>"; };
		AA100019 /* ReactionTimeEngine.swift */ = {isa = PBXFileReference; lastKnownFileType = sourcecode.swift; path = ReactionTimeEngine.swift; sourceTree = "<group>"; };
		AA100020 /* ReactionTimeView.swift */ = {isa = PBXFileReference; lastKnownFileType = sourcecode.swift; path = ReactionTimeView.swift; sourceTree = "<group>"; };
		AA100027 /* AppTheme.swift */ = {isa = PBXFileReference; lastKnownFileType = sourcecode.swift; path = AppTheme.swift; sourceTree = "<group>"; };
		AA100028 /* LaunchScreen.storyboard */ = {isa = PBXFileReference; lastKnownFileType = file.storyboard; path = LaunchScreen.storyboard; sourceTree = "<group>"; };
		AA100030 /* RecoveryScoreEngine.swift */ = {isa = PBXFileReference; lastKnownFileType = sourcecode.swift; path = RecoveryScoreEngine.swift; sourceTree = "<group>"; };
		AA100031 /* RecoveryRecommendationCard.swift */ = {isa = PBXFileReference; lastKnownFileType = sourcecode.swift; path = RecoveryRecommendationCard.swift; sourceTree = "<group>"; };
		AA100040 /* Measure.swift */ = {isa = PBXFileReference; lastKnownFileType = sourcecode.swift; path = Measure.swift; sourceTree = "<group>"; };
		AA100041 /* MeasureCard.swift */ = {isa = PBXFileReference; lastKnownFileType = sourcecode.swift; path = MeasureCard.swift; sourceTree = "<group>"; };
		AA100042 /* HomePage.swift */ = {isa = PBXFileReference; lastKnownFileType = sourcecode.swift; path = HomePage.swift; sourceTree = "<group>"; };
		AA100050 /* AssessmentStore.swift */ = {isa = PBXFileReference; lastKnownFileType = sourcecode.swift; path = AssessmentStore.swift; sourceTree = "<group>"; };
		AA100060 /* MeasureDetailView.swift */ = {isa = PBXFileReference; lastKnownFileType = sourcecode.swift; path = MeasureDetailView.swift; sourceTree = "<group>"; };
		AA100061 /* SingleMeasureTrendChart.swift */ = {isa = PBXFileReference; lastKnownFileType = sourcecode.swift; path = SingleMeasureTrendChart.swift; sourceTree = "<group>"; };
		AA100070 /* NotificationManager.swift */ = {isa = PBXFileReference; lastKnownFileType = sourcecode.swift; path = NotificationManager.swift; sourceTree = "<group>"; };
/* End PBXFileReference section */

/* Begin PBXFrameworksBuildPhase section */
		AA200001 /* Frameworks */ = {
			isa = PBXFrameworksBuildPhase;
			buildActionMask = 2147483647;
			files = (
			);
			runOnlyForDeploymentPostprocessing = 0;
		};
/* End PBXFrameworksBuildPhase section */

/* Begin PBXGroup section */
		AA300001 /* root */ = {
			isa = PBXGroup;
			children = (
				AA300002 /* LeiLeMe */,
				AA300006 /* Products */,
			);
			sourceTree = "<group>";
		};
		AA300002 /* LeiLeMe */ = {
			isa = PBXGroup;
			children = (
				AA100001 /* LeiLeMeApp.swift */,
				AA100002 /* ContentView.swift */,
				AA300003 /* Views */,
				AA300004 /* Models */,
				AA300005 /* Services */,
				AA300008 /* Theme */,
				AA100006 /* Assets.xcassets */,
				AA100028 /* LaunchScreen.storyboard */,
				AA100007 /* LeiLeMe.entitlements */,
				AA100008 /* Info.plist */,
			);
			path = LeiLeMe;
			sourceTree = "<group>";
		};
		AA300003 /* Views */ = {
			isa = PBXGroup;
			children = (
				AA100005 /* SettingsTab.swift */,
				AA100018 /* TapTestView.swift */,
				AA100020 /* ReactionTimeView.swift */,
				AA100031 /* RecoveryRecommendationCard.swift */,
				AA100041 /* MeasureCard.swift */,
				AA100042 /* HomePage.swift */,
				AA100060 /* MeasureDetailView.swift */,
				AA100061 /* SingleMeasureTrendChart.swift */,
			);
			path = Views;
			sourceTree = "<group>";
		};
		AA300004 /* Models */ = {
			isa = PBXGroup;
			children = (
				AA100010 /* DailyAssessment.swift */,
				AA100011 /* HealthKitReading.swift */,
				AA100012 /* TapTestResult.swift */,
				AA100013 /* ReactionTimeResult.swift */,
				AA100014 /* SubjectiveAssessment.swift */,
				AA100040 /* Measure.swift */,
			);
			path = Models;
			sourceTree = "<group>";
		};
		AA300005 /* Services */ = {
			isa = PBXGroup;
			children = (
				AA100015 /* BaselineEngine.swift */,
				AA100030 /* RecoveryScoreEngine.swift */,
				AA100016 /* HealthKitService.swift */,
				AA100017 /* TapTestEngine.swift */,
				AA100019 /* ReactionTimeEngine.swift */,
				AA100050 /* AssessmentStore.swift */,
				AA100070 /* NotificationManager.swift */,
			);
			path = Services;
			sourceTree = "<group>";
		};
		AA300006 /* Products */ = {
			isa = PBXGroup;
			children = (
				AA100009 /* LeiLeMe.app */,
			);
			name = Products;
			sourceTree = "<group>";
		};
		AA300008 /* Theme */ = {
			isa = PBXGroup;
			children = (
				AA100027 /* AppTheme.swift */,
			);
			path = Theme;
			sourceTree = "<group>";
		};
/* End PBXGroup section */

/* Begin PBXNativeTarget section */
		AA400001 /* LeiLeMe */ = {
			isa = PBXNativeTarget;
			buildConfigurationList = AA600002 /* Build configuration list for PBXNativeTarget "LeiLeMe" */;
			buildPhases = (
				AA500001 /* Sources */,
				AA200001 /* Frameworks */,
				AA500002 /* Resources */,
			);
			buildRules = (
			);
			dependencies = (
			);
			name = LeiLeMe;
			productName = LeiLeMe;
			productReference = AA100009 /* LeiLeMe.app */;
			productType = "com.apple.product-type.application";
		};
/* End PBXNativeTarget section */

/* Begin PBXProject section */
		AA400002 /* Project object */ = {
			isa = PBXProject;
			attributes = {
				BuildIndependentTargetsInParallel = 1;
				LastSwiftUpdateCheck = 1600;
				LastUpgradeCheck = 1600;
				TargetAttributes = {
					AA400001 = {
						CreatedOnToolsVersion = 16.0;
					};
				};
			};
			buildConfigurationList = AA600001 /* Build configuration list for PBXProject "LeiLeMe" */;
			compatibilityVersion = "Xcode 14.0";
			developmentRegion = en;
			hasScannedForEncodings = 0;
			knownRegions = (
				en,
				Base,
			);
			mainGroup = AA300001 /* root */;
			productRefGroup = AA300006 /* Products */;
			projectDirPath = "";
			projectRoot = "";
			targets = (
				AA400001 /* LeiLeMe */,
			);
		};
/* End PBXProject section */

/* Begin PBXResourcesBuildPhase section */
		AA500002 /* Resources */ = {
			isa = PBXResourcesBuildPhase;
			buildActionMask = 2147483647;
			files = (
				AA000006 /* Assets.xcassets in Resources */,
				AA000028 /* LaunchScreen.storyboard in Resources */,
			);
			runOnlyForDeploymentPostprocessing = 0;
		};
/* End PBXResourcesBuildPhase section */

/* Begin PBXSourcesBuildPhase section */
		AA500001 /* Sources */ = {
			isa = PBXSourcesBuildPhase;
			buildActionMask = 2147483647;
			files = (
				AA000001 /* LeiLeMeApp.swift in Sources */,
				AA000002 /* ContentView.swift in Sources */,
				AA000005 /* SettingsTab.swift in Sources */,
				AA000010 /* DailyAssessment.swift in Sources */,
				AA000011 /* HealthKitReading.swift in Sources */,
				AA000012 /* TapTestResult.swift in Sources */,
				AA000013 /* ReactionTimeResult.swift in Sources */,
				AA000014 /* SubjectiveAssessment.swift in Sources */,
				AA000015 /* BaselineEngine.swift in Sources */,
				AA000016 /* HealthKitService.swift in Sources */,
				AA000017 /* TapTestEngine.swift in Sources */,
				AA000018 /* TapTestView.swift in Sources */,
				AA000019 /* ReactionTimeEngine.swift in Sources */,
				AA000020 /* ReactionTimeView.swift in Sources */,
				AA000027 /* AppTheme.swift in Sources */,
				AA000030 /* RecoveryScoreEngine.swift in Sources */,
				AA000031 /* RecoveryRecommendationCard.swift in Sources */,
				AA000040 /* Measure.swift in Sources */,
				AA000041 /* MeasureCard.swift in Sources */,
				AA000042 /* HomePage.swift in Sources */,
				AA000050 /* AssessmentStore.swift in Sources */,
				AA000060 /* MeasureDetailView.swift in Sources */,
				AA000061 /* SingleMeasureTrendChart.swift in Sources */,
				AA000070 /* NotificationManager.swift in Sources */,
			);
			runOnlyForDeploymentPostprocessing = 0;
		};
/* End PBXSourcesBuildPhase section */

/* Begin XCBuildConfiguration section */
		AA700001 /* Debug */ = {
			isa = XCBuildConfiguration;
			buildSettings = {
				ALWAYS_SEARCH_USER_PATHS = NO;
				ASSETCATALOG_COMPILER_GENERATE_SWIFT_ASSET_SYMBOL_EXTENSIONS = YES;
				CLANG_ANALYZER_NONNULL = YES;
				CLANG_ANALYZER_NUMBER_OBJECT_CONVERSION = YES_AGGRESSIVE;
				CLANG_CXX_LANGUAGE_STANDARD = "gnu++20";
				CLANG_ENABLE_MODULES = YES;
				CLANG_ENABLE_OBJC_ARC = YES;
				CLANG_ENABLE_OBJC_WEAK = YES;
				CLANG_WARN_BLOCK_CAPTURE_AUTORELEASING = YES;
				CLANG_WARN_BOOL_CONVERSION = YES;
				CLANG_WARN_COMMA = YES;
				CLANG_WARN_CONSTANT_CONVERSION = YES;
				CLANG_WARN_DEPRECATED_OBJC_IMPLEMENTATIONS = YES;
				CLANG_WARN_DIRECT_OBJC_ISA_USAGE = YES_ERROR;
				CLANG_WARN_DOCUMENTATION_COMMENTS = YES;
				CLANG_WARN_EMPTY_BODY = YES;
				CLANG_WARN_ENUM_CONVERSION = YES;
				CLANG_WARN_INFINITE_RECURSION = YES;
				CLANG_WARN_INT_CONVERSION = YES;
				CLANG_WARN_NON_LITERAL_NULL_CONVERSION = YES;
				CLANG_WARN_OBJC_IMPLICIT_RETAIN_SELF = YES;
				CLANG_WARN_OBJC_LITERAL_CONVERSION = YES;
				CLANG_WARN_OBJC_ROOT_CLASS = YES_ERROR;
				CLANG_WARN_QUOTED_INCLUDE_IN_FRAMEWORK_HEADER = YES;
				CLANG_WARN_RANGE_LOOP_ANALYSIS = YES;
				CLANG_WARN_STRICT_PROTOTYPES = YES;
				CLANG_WARN_SUSPICIOUS_MOVE = YES;
				CLANG_WARN_UNGUARDED_AVAILABILITY = YES_AGGRESSIVE;
				CLANG_WARN_UNREACHABLE_CODE = YES;
				CLANG_WARN__DUPLICATE_METHOD_MATCH = YES;
				COPY_PHASE_STRIP = NO;
				DEBUG_INFORMATION_FORMAT = dwarf;
				ENABLE_STRICT_OBJC_MSGSEND = YES;
				ENABLE_TESTABILITY = YES;
				ENABLE_USER_SCRIPT_SANDBOXING = YES;
				GCC_C_LANGUAGE_STANDARD = gnu17;
				GCC_DYNAMIC_NO_PIC = NO;
				GCC_NO_COMMON_BLOCKS = YES;
				GCC_OPTIMIZATION_LEVEL = 0;
				GCC_PREPROCESSOR_DEFINITIONS = (
					"DEBUG=1",
					"$(inherited)",
				);
				GCC_WARN_64_TO_32_BIT_CONVERSION = YES;
				GCC_WARN_ABOUT_RETURN_TYPE = YES_ERROR;
				GCC_WARN_UNDECLARED_SELECTOR = YES;
				GCC_WARN_UNINITIALIZED_AUTOS = YES_AGGRESSIVE;
				GCC_WARN_UNUSED_FUNCTION = YES;
				GCC_WARN_UNUSED_VARIABLE = YES;
				IPHONEOS_DEPLOYMENT_TARGET = 17.0;
				LOCALIZATION_PREFERS_STRING_CATALOGS = YES;
				MTL_ENABLE_DEBUG_INFO = INCLUDE_SOURCE;
				MTL_FAST_MATH = YES;
				ONLY_ACTIVE_ARCH = YES;
				SDKROOT = iphoneos;
				SWIFT_ACTIVE_COMPILATION_CONDITIONS = "DEBUG $(inherited)";
				SWIFT_OPTIMIZATION_LEVEL = "-Onone";
			};
			name = Debug;
		};
		AA700002 /* Release */ = {
			isa = XCBuildConfiguration;
			buildSettings = {
				ALWAYS_SEARCH_USER_PATHS = NO;
				ASSETCATALOG_COMPILER_GENERATE_SWIFT_ASSET_SYMBOL_EXTENSIONS = YES;
				CLANG_ANALYZER_NONNULL = YES;
				CLANG_ANALYZER_NUMBER_OBJECT_CONVERSION = YES_AGGRESSIVE;
				CLANG_CXX_LANGUAGE_STANDARD = "gnu++20";
				CLANG_ENABLE_MODULES = YES;
				CLANG_ENABLE_OBJC_ARC = YES;
				CLANG_ENABLE_OBJC_WEAK = YES;
				CLANG_WARN_BLOCK_CAPTURE_AUTORELEASING = YES;
				CLANG_WARN_BOOL_CONVERSION = YES;
				CLANG_WARN_COMMA = YES;
				CLANG_WARN_CONSTANT_CONVERSION = YES;
				CLANG_WARN_DEPRECATED_OBJC_IMPLEMENTATIONS = YES;
				CLANG_WARN_DIRECT_OBJC_ISA_USAGE = YES_ERROR;
				CLANG_WARN_DOCUMENTATION_COMMENTS = YES;
				CLANG_WARN_EMPTY_BODY = YES;
				CLANG_WARN_ENUM_CONVERSION = YES;
				CLANG_WARN_INFINITE_RECURSION = YES;
				CLANG_WARN_INT_CONVERSION = YES;
				CLANG_WARN_NON_LITERAL_NULL_CONVERSION = YES;
				CLANG_WARN_OBJC_IMPLICIT_RETAIN_SELF = YES;
				CLANG_WARN_OBJC_LITERAL_CONVERSION = YES;
				CLANG_WARN_OBJC_ROOT_CLASS = YES_ERROR;
				CLANG_WARN_QUOTED_INCLUDE_IN_FRAMEWORK_HEADER = YES;
				CLANG_WARN_RANGE_LOOP_ANALYSIS = YES;
				CLANG_WARN_STRICT_PROTOTYPES = YES;
				CLANG_WARN_SUSPICIOUS_MOVE = YES;
				CLANG_WARN_UNGUARDED_AVAILABILITY = YES_AGGRESSIVE;
				CLANG_WARN_UNREACHABLE_CODE = YES;
				CLANG_WARN__DUPLICATE_METHOD_MATCH = YES;
				COPY_PHASE_STRIP = NO;
				DEBUG_INFORMATION_FORMAT = "dwarf-with-dsym";
				ENABLE_NS_ASSERTIONS = NO;
				ENABLE_STRICT_OBJC_MSGSEND = YES;
				ENABLE_USER_SCRIPT_SANDBOXING = YES;
				GCC_C_LANGUAGE_STANDARD = gnu17;
				GCC_NO_COMMON_BLOCKS = YES;
				GCC_WARN_64_TO_32_BIT_CONVERSION = YES;
				GCC_WARN_ABOUT_RETURN_TYPE = YES_ERROR;
				GCC_WARN_UNDECLARED_SELECTOR = YES;
				GCC_WARN_UNINITIALIZED_AUTOS = YES_AGGRESSIVE;
				GCC_WARN_UNUSED_FUNCTION = YES;
				GCC_WARN_UNUSED_VARIABLE = YES;
				IPHONEOS_DEPLOYMENT_TARGET = 17.0;
				LOCALIZATION_PREFERS_STRING_CATALOGS = YES;
				MTL_FAST_MATH = YES;
				SDKROOT = iphoneos;
				SWIFT_COMPILATION_MODE = wholemodule;
				VALIDATE_PRODUCT = YES;
			};
			name = Release;
		};
		AA700003 /* Debug */ = {
			isa = XCBuildConfiguration;
			buildSettings = {
				ASSETCATALOG_COMPILER_APPICON_NAME = AppIcon;
				ASSETCATALOG_COMPILER_GLOBAL_ACCENT_COLOR_NAME = AccentColor;
				CODE_SIGN_ENTITLEMENTS = LeiLeMe/LeiLeMe.entitlements;
				CODE_SIGN_STYLE = Automatic;
				CURRENT_PROJECT_VERSION = 1;
				GENERATE_INFOPLIST_FILE = YES;
				INFOPLIST_FILE = LeiLeMe/Info.plist;
				INFOPLIST_KEY_UIApplicationSceneManifest_Generation = YES;
				INFOPLIST_KEY_UIApplicationSupportsIndirectInputEvents = YES;
				INFOPLIST_KEY_UILaunchStoryboardName = LaunchScreen;
				INFOPLIST_KEY_UISupportedInterfaceOrientations_iPad = "UIInterfaceOrientationPortrait UIInterfaceOrientationPortraitUpsideDown UIInterfaceOrientationLandscapeLeft UIInterfaceOrientationLandscapeRight";
				INFOPLIST_KEY_UISupportedInterfaceOrientations_iPhone = "UIInterfaceOrientationPortrait UIInterfaceOrientationLandscapeLeft UIInterfaceOrientationLandscapeRight";
				LD_RUNPATH_SEARCH_PATHS = (
					"$(inherited)",
					"@executable_path/Frameworks",
				);
				MARKETING_VERSION = 0.1.0;
				PRODUCT_BUNDLE_IDENTIFIER = com.xiaoyuanzhu.LeiLeMe;
				PRODUCT_NAME = "$(TARGET_NAME)";
				SUPPORTED_PLATFORMS = "iphoneos iphonesimulator";
				SUPPORTS_MACCATALYST = NO;
				SWIFT_EMIT_LOC_STRINGS = YES;
				SWIFT_VERSION = 5.0;
				TARGETED_DEVICE_FAMILY = 1;
			};
			name = Debug;
		};
		AA700004 /* Release */ = {
			isa = XCBuildConfiguration;
			buildSettings = {
				ASSETCATALOG_COMPILER_APPICON_NAME = AppIcon;
				ASSETCATALOG_COMPILER_GLOBAL_ACCENT_COLOR_NAME = AccentColor;
				CODE_SIGN_ENTITLEMENTS = LeiLeMe/LeiLeMe.entitlements;
				CODE_SIGN_STYLE = Automatic;
				CURRENT_PROJECT_VERSION = 1;
				GENERATE_INFOPLIST_FILE = YES;
				INFOPLIST_FILE = LeiLeMe/Info.plist;
				INFOPLIST_KEY_UIApplicationSceneManifest_Generation = YES;
				INFOPLIST_KEY_UIApplicationSupportsIndirectInputEvents = YES;
				INFOPLIST_KEY_UILaunchStoryboardName = LaunchScreen;
				INFOPLIST_KEY_UISupportedInterfaceOrientations_iPad = "UIInterfaceOrientationPortrait UIInterfaceOrientationPortraitUpsideDown UIInterfaceOrientationLandscapeLeft UIInterfaceOrientationLandscapeRight";
				INFOPLIST_KEY_UISupportedInterfaceOrientations_iPhone = "UIInterfaceOrientationPortrait UIInterfaceOrientationLandscapeLeft UIInterfaceOrientationLandscapeRight";
				LD_RUNPATH_SEARCH_PATHS = (
					"$(inherited)",
					"@executable_path/Frameworks",
				);
				MARKETING_VERSION = 0.1.0;
				PRODUCT_BUNDLE_IDENTIFIER = com.xiaoyuanzhu.LeiLeMe;
				PRODUCT_NAME = "$(TARGET_NAME)";
				SUPPORTED_PLATFORMS = "iphoneos iphonesimulator";
				SUPPORTS_MACCATALYST = NO;
				SWIFT_EMIT_LOC_STRINGS = YES;
				SWIFT_VERSION = 5.0;
				TARGETED_DEVICE_FAMILY = 1;
			};
			name = Release;
		};
/* End XCBuildConfiguration section */

/* Begin XCConfigurationList section */
		AA600001 /* Build configuration list for PBXProject "LeiLeMe" */ = {
			isa = XCConfigurationList;
			buildConfigurations = (
				AA700001 /* Debug */,
				AA700002 /* Release */,
			);
			defaultConfigurationIsVisible = 0;
			defaultConfigurationName = Release;
		};
		AA600002 /* Build configuration list for PBXNativeTarget "LeiLeMe" */ = {
			isa = XCConfigurationList;
			buildConfigurations = (
				AA700003 /* Debug */,
				AA700004 /* Release */,
			);
			defaultConfigurationIsVisible = 0;
			defaultConfigurationName = Release;
		};
/* End XCConfigurationList section */

	};
	rootObject = AA400002 /* Project object */;
}
